
Microsoft Visual Studio Solution File, Format Version 12.00
# Visual Studio Version 17
VisualStudioVersion = 17.10.35027.167
MinimumVisualStudioVersion = 10.0.40219.1
Project("{2150E333-8FDC-42A3-9474-1A3956D46DE8}") = "Services", "Services", "{A153CC7D-FD78-4D84-B09B-48FEDFA28BB9}"
EndProject
Project("{2150E333-8FDC-42A3-9474-1A3956D46DE8}") = "Catalog", "Catalog", "{29389CAA-FC44-4CF4-89C9-C07E60C963A5}"
EndProject
Project("{9A19103F-16F7-4668-BE54-9A1E7A4F7556}") = "MultiShop.Catalog", "Services\Catalog\MultiShop.Catalog\MultiShop.Catalog.csproj", "{A071C89D-C73D-4A36-A7C7-FF1B80BFBBEA}"
EndProject
Project("{2150E333-8FDC-42A3-9474-1A3956D46DE8}") = "Discount", "Discount", "{8CEB847D-16E6-4DF5-BBD3-4149342BAFB6}"
EndProject
Project("{9A19103F-16F7-4668-BE54-9A1E7A4F7556}") = "MultiShop.Discount", "Services\Discount\MultiShop.Discount\MultiShop.Discount.csproj", "{2BBFC672-14D2-4CEF-AE71-D3D6FD8FBA29}"
EndProject
Project("{2150E333-8FDC-42A3-9474-1A3956D46DE8}") = "Order", "Order", "{6E17F891-495F-4211-B701-8AD508C5FAA6}"
EndProject
Project("{2150E333-8FDC-42A3-9474-1A3956D46DE8}") = "Core", "Core", "{2AD2AF46-66D9-4173-8A7C-6C8897A02914}"
EndProject
Project("{2150E333-8FDC-42A3-9474-1A3956D46DE8}") = "Infrastructure", "Infrastructure", "{934E3779-70EB-49B8-9BE0-45DB79A9E07C}"
EndProject
Project("{2150E333-8FDC-42A3-9474-1A3956D46DE8}") = "Presentation", "Presentation", "{2BCAE4E3-89CF-40C7-B22C-66D189C77FB4}"
EndProject
Project("{9A19103F-16F7-4668-BE54-9A1E7A4F7556}") = "MultiShop.Order.Domain", "Services\Order\Core\MultiShop.Order.Domain\MultiShop.Order.Domain.csproj", "{5111349A-9C1F-4C3A-AC70-0CE03014BBF2}"
EndProject
Project("{9A19103F-16F7-4668-BE54-9A1E7A4F7556}") = "MultiShop.Order.Application", "Services\Order\Core\MultiShop.Order.Application\MultiShop.Order.Application.csproj", "{A1E11879-6A9B-4960-9E1F-1C9BB857B2D9}"
EndProject
Project("{9A19103F-16F7-4668-BE54-9A1E7A4F7556}") = "MultiShop.Order.Persistence", "Services\Order\Infrastructure\MultiShop.Order.Persistence\MultiShop.Order.Persistence.csproj", "{CBDC5108-120A-4BB2-927E-9B33CF76E9A2}"
EndProject
Project("{9A19103F-16F7-4668-BE54-9A1E7A4F7556}") = "MultiShop.Order.WebApi", "Services\Order\Presentation\MultiShop.Order.WebApi\MultiShop.Order.WebApi.csproj", "{49C41C43-D76E-4F66-AC9F-45476E17CDA8}"
EndProject
Project("{2150E333-8FDC-42A3-9474-1A3956D46DE8}") = "IdentityServer", "IdentityServer", "{D0703EC5-55D7-4357-A790-963CD236D414}"
EndProject
Project("{9A19103F-16F7-4668-BE54-9A1E7A4F7556}") = "MultiShop.IdentityServer", "IdentityServer\MultiShop.IdentityServer\MultiShop.IdentityServer.csproj", "{C59537F8-EB80-448E-9965-E9755830ED0C}"
EndProject
Project("{2150E333-8FDC-42A3-9474-1A3956D46DE8}") = "Cargo", "Cargo", "{838103FE-240E-43A8-975C-C110FE80F364}"
EndProject
Project("{FAE04EC0-301F-11D3-BF4B-00C04F79EFBC}") = "Multishop.Cargo.EntityLayer", "Services\Cargo\Multishop.Cargo.EntityLayer\Multishop.Cargo.EntityLayer.csproj", "{98F259C2-78B8-4A1D-9DDE-3D329BEB4701}"
EndProject
Project("{FAE04EC0-301F-11D3-BF4B-00C04F79EFBC}") = "MultiShop.Cargo.BusinessLayer", "Services\Cargo\MultiShop.Cargo.BusinessLayer\MultiShop.Cargo.BusinessLayer.csproj", "{4E4E91C5-D3BD-4000-B547-9FF022D50F4D}"
EndProject
Project("{FAE04EC0-301F-11D3-BF4B-00C04F79EFBC}") = "MultiShop.Cargo.DataAccessLayer", "Services\Cargo\MultiShop.Cargo.DataAccessLayer\MultiShop.Cargo.DataAccessLayer.csproj", "{9BBDB510-15D1-4F16-A76A-4F527E4C0738}"
EndProject
Project("{FAE04EC0-301F-11D3-BF4B-00C04F79EFBC}") = "MultiShop.Carge.DtoLayer", "Services\Cargo\MultiShop.Carge.DtoLayer\MultiShop.Carge.DtoLayer.csproj", "{819C83F6-5E23-4066-A078-C29D59577A4F}"
EndProject
Project("{FAE04EC0-301F-11D3-BF4B-00C04F79EFBC}") = "MultiShop.Cargo.WebApi", "Services\Cargo\MultiShop.Cargo.WebApi\MultiShop.Cargo.WebApi.csproj", "{EB8D9A52-3074-4526-8728-D65AD1AB74B0}"
EndProject
Global
	GlobalSection(SolutionConfigurationPlatforms) = preSolution
		Debug|Any CPU = Debug|Any CPU
		Release|Any CPU = Release|Any CPU
	EndGlobalSection
	GlobalSection(ProjectConfigurationPlatforms) = postSolution
		{A071C89D-C73D-4A36-A7C7-FF1B80BFBBEA}.Debug|Any CPU.ActiveCfg = Debug|Any CPU
		{A071C89D-C73D-4A36-A7C7-FF1B80BFBBEA}.Debug|Any CPU.Build.0 = Debug|Any CPU
		{A071C89D-C73D-4A36-A7C7-FF1B80BFBBEA}.Release|Any CPU.ActiveCfg = Release|Any CPU
		{A071C89D-C73D-4A36-A7C7-FF1B80BFBBEA}.Release|Any CPU.Build.0 = Release|Any CPU
		{2BBFC672-14D2-4CEF-AE71-D3D6FD8FBA29}.Debug|Any CPU.ActiveCfg = Debug|Any CPU
		{2BBFC672-14D2-4CEF-AE71-D3D6FD8FBA29}.Debug|Any CPU.Build.0 = Debug|Any CPU
		{2BBFC672-14D2-4CEF-AE71-D3D6FD8FBA29}.Release|Any CPU.ActiveCfg = Release|Any CPU
		{2BBFC672-14D2-4CEF-AE71-D3D6FD8FBA29}.Release|Any CPU.Build.0 = Release|Any CPU
		{5111349A-9C1F-4C3A-AC70-0CE03014BBF2}.Debug|Any CPU.ActiveCfg = Debug|Any CPU
		{5111349A-9C1F-4C3A-AC70-0CE03014BBF2}.Debug|Any CPU.Build.0 = Debug|Any CPU
		{5111349A-9C1F-4C3A-AC70-0CE03014BBF2}.Release|Any CPU.ActiveCfg = Release|Any CPU
		{5111349A-9C1F-4C3A-AC70-0CE03014BBF2}.Release|Any CPU.Build.0 = Release|Any CPU
		{A1E11879-6A9B-4960-9E1F-1C9BB857B2D9}.Debug|Any CPU.ActiveCfg = Debug|Any CPU
		{A1E11879-6A9B-4960-9E1F-1C9BB857B2D9}.Debug|Any CPU.Build.0 = Debug|Any CPU
		{A1E11879-6A9B-4960-9E1F-1C9BB857B2D9}.Release|Any CPU.ActiveCfg = Release|Any CPU
		{A1E11879-6A9B-4960-9E1F-1C9BB857B2D9}.Release|Any CPU.Build.0 = Release|Any CPU
		{CBDC5108-120A-4BB2-927E-9B33CF76E9A2}.Debug|Any CPU.ActiveCfg = Debug|Any CPU
		{CBDC5108-120A-4BB2-927E-9B33CF76E9A2}.Debug|Any CPU.Build.0 = Debug|Any CPU
		{CBDC5108-120A-4BB2-927E-9B33CF76E9A2}.Release|Any CPU.ActiveCfg = Release|Any CPU
		{CBDC5108-120A-4BB2-927E-9B33CF76E9A2}.Release|Any CPU.Build.0 = Release|Any CPU
		{49C41C43-D76E-4F66-AC9F-45476E17CDA8}.Debug|Any CPU.ActiveCfg = Debug|Any CPU
		{49C41C43-D76E-4F66-AC9F-45476E17CDA8}.Debug|Any CPU.Build.0 = Debug|Any CPU
		{49C41C43-D76E-4F66-AC9F-45476E17CDA8}.Release|Any CPU.ActiveCfg = Release|Any CPU
		{49C41C43-D76E-4F66-AC9F-45476E17CDA8}.Release|Any CPU.Build.0 = Release|Any CPU
		{C59537F8-EB80-448E-9965-E9755830ED0C}.Debug|Any CPU.ActiveCfg = Debug|Any CPU
		{C59537F8-EB80-448E-9965-E9755830ED0C}.Debug|Any CPU.Build.0 = Debug|Any CPU
		{C59537F8-EB80-448E-9965-E9755830ED0C}.Release|Any CPU.ActiveCfg = Release|Any CPU
		{C59537F8-EB80-448E-9965-E9755830ED0C}.Release|Any CPU.Build.0 = Release|Any CPU
		{98F259C2-78B8-4A1D-9DDE-3D329BEB4701}.Debug|Any CPU.ActiveCfg = Debug|Any CPU
		{98F259C2-78B8-4A1D-9DDE-3D329BEB4701}.Debug|Any CPU.Build.0 = Debug|Any CPU
		{98F259C2-78B8-4A1D-9DDE-3D329BEB4701}.Release|Any CPU.ActiveCfg = Release|Any CPU
		{98F259C2-78B8-4A1D-9DDE-3D329BEB4701}.Release|Any CPU.Build.0 = Release|Any CPU
		{4E4E91C5-D3BD-4000-B547-9FF022D50F4D}.Debug|Any CPU.ActiveCfg = Debug|Any CPU
		{4E4E91C5-D3BD-4000-B547-9FF022D50F4D}.Debug|Any CPU.Build.0 = Debug|Any CPU
		{4E4E91C5-D3BD-4000-B547-9FF022D50F4D}.Release|Any CPU.ActiveCfg = Release|Any CPU
		{4E4E91C5-D3BD-4000-B547-9FF022D50F4D}.Release|Any CPU.Build.0 = Release|Any CPU
		{9BBDB510-15D1-4F16-A76A-4F527E4C0738}.Debug|Any CPU.ActiveCfg = Debug|Any CPU
		{9BBDB510-15D1-4F16-A76A-4F527E4C0738}.Debug|Any CPU.Build.0 = Debug|Any CPU
		{9BBDB510-15D1-4F16-A76A-4F527E4C0738}.Release|Any CPU.ActiveCfg = Release|Any CPU
		{9BBDB510-15D1-4F16-A76A-4F527E4C0738}.Release|Any CPU.Build.0 = Release|Any CPU
		{819C83F6-5E23-4066-A078-C29D59577A4F}.Debug|Any CPU.ActiveCfg = Debug|Any CPU
		{819C83F6-5E23-4066-A078-C29D59577A4F}.Debug|Any CPU.Build.0 = Debug|Any CPU
		{819C83F6-5E23-4066-A078-C29D59577A4F}.Release|Any CPU.ActiveCfg = Release|Any CPU
		{819C83F6-5E23-4066-A078-C29D59577A4F}.Release|Any CPU.Build.0 = Release|Any CPU
		{EB8D9A52-3074-4526-8728-D65AD1AB74B0}.Debug|Any CPU.ActiveCfg = Debug|Any CPU
		{EB8D9A52-3074-4526-8728-D65AD1AB74B0}.Debug|Any CPU.Build.0 = Debug|Any CPU
		{EB8D9A52-3074-4526-8728-D65AD1AB74B0}.Release|Any CPU.ActiveCfg = Release|Any CPU
		{EB8D9A52-3074-4526-8728-D65AD1AB74B0}.Release|Any CPU.Build.0 = Release|Any CPU
	EndGlobalSection
	GlobalSection(SolutionProperties) = preSolution
		HideSolutionNode = FALSE
	EndGlobalSection
	GlobalSection(NestedProjects) = preSolution
		{29389CAA-FC44-4CF4-89C9-C07E60C963A5} = {A153CC7D-FD78-4D84-B09B-48FEDFA28BB9}
		{A071C89D-C73D-4A36-A7C7-FF1B80BFBBEA} = {29389CAA-FC44-4CF4-89C9-C07E60C963A5}
		{8CEB847D-16E6-4DF5-BBD3-4149342BAFB6} = {A153CC7D-FD78-4D84-B09B-48FEDFA28BB9}
		{2BBFC672-14D2-4CEF-AE71-D3D6FD8FBA29} = {8CEB847D-16E6-4DF5-BBD3-4149342BAFB6}
		{6E17F891-495F-4211-B701-8AD508C5FAA6} = {A153CC7D-FD78-4D84-B09B-48FEDFA28BB9}
		{2AD2AF46-66D9-4173-8A7C-6C8897A02914} = {6E17F891-495F-4211-B701-8AD508C5FAA6}
		{934E3779-70EB-49B8-9BE0-45DB79A9E07C} = {6E17F891-495F-4211-B701-8AD508C5FAA6}
		{2BCAE4E3-89CF-40C7-B22C-66D189C77FB4} = {6E17F891-495F-4211-B701-8AD508C5FAA6}
		{5111349A-9C1F-4C3A-AC70-0CE03014BBF2} = {2AD2AF46-66D9-4173-8A7C-6C8897A02914}
		{A1E11879-6A9B-4960-9E1F-1C9BB857B2D9} = {2AD2AF46-66D9-4173-8A7C-6C8897A02914}
		{CBDC5108-120A-4BB2-927E-9B33CF76E9A2} = {934E3779-70EB-49B8-9BE0-45DB79A9E07C}
		{49C41C43-D76E-4F66-AC9F-45476E17CDA8} = {2BCAE4E3-89CF-40C7-B22C-66D189C77FB4}
		{C59537F8-EB80-448E-9965-E9755830ED0C} = {D0703EC5-55D7-4357-A790-963CD236D414}
		{838103FE-240E-43A8-975C-C110FE80F364} = {A153CC7D-FD78-4D84-B09B-48FEDFA28BB9}
		{98F259C2-78B8-4A1D-9DDE-3D329BEB4701} = {838103FE-240E-43A8-975C-C110FE80F364}
		{4E4E91C5-D3BD-4000-B547-9FF022D50F4D} = {838103FE-240E-43A8-975C-C110FE80F364}
		{9BBDB510-15D1-4F16-A76A-4F527E4C0738} = {838103FE-240E-43A8-975C-C110FE80F364}
		{819C83F6-5E23-4066-A078-C29D59577A4F} = {838103FE-240E-43A8-975C-C110FE80F364}
		{EB8D9A52-3074-4526-8728-D65AD1AB74B0} = {838103FE-240E-43A8-975C-C110FE80F364}
	EndGlobalSection
	GlobalSection(ExtensibilityGlobals) = postSolution
		SolutionGuid = {AEB376DF-9ADD-4DD6-8F48-6A75649A84DF}
	EndGlobalSection
EndGlobal
