
Microsoft Visual Studio Solution File, Format Version 12.00
# Visual Studio Version 17
VisualStudioVersion = 17.10.35027.167
MinimumVisualStudioVersion = 10.0.40219.1
Project("{2150E333-8FDC-42A3-9474-1A3956D46DE8}") = "Services", "Services", "{A153CC7D-FD78-4D84-B09B-48FEDFA28BB9}"
EndProject
Project("{2150E333-8FDC-42A3-9474-1A3956D46DE8}") = "Catalog", "Catalog", "{29389CAA-FC44-4CF4-89C9-C07E60C963A5}"
EndProject
Project("{FAE04EC0-301F-11D3-BF4B-00C04F79EFBC}") = "MultiShop.Catalog", "Services\Catalog\MultiShop.Catalog\MultiShop.Catalog.csproj", "{A071C89D-C73D-4A36-A7C7-FF1B80BFBBEA}"
EndProject
Global
	GlobalSection(SolutionConfigurationPlatforms) = preSolution
		Debug|Any CPU = Debug|Any CPU
		Release|Any CPU = Release|Any CPU
	EndGlobalSection
	GlobalSection(ProjectConfigurationPlatforms) = postSolution
		{A071C89D-C73D-4A36-A7C7-FF1B80BFBBEA}.Debug|Any CPU.ActiveCfg = Debug|Any CPU
		{A071C89D-C73D-4A36-A7C7-FF1B80BFBBEA}.Debug|Any CPU.Build.0 = Debug|Any CPU
		{A071C89D-C73D-4A36-A7C7-FF1B80BFBBEA}.Release|Any CPU.ActiveCfg = Release|Any CPU
		{A071C89D-C73D-4A36-A7C7-FF1B80BFBBEA}.Release|Any CPU.Build.0 = Release|Any CPU
	EndGlobalSection
	GlobalSection(SolutionProperties) = preSolution
		HideSolutionNode = FALSE
	EndGlobalSection
	GlobalSection(NestedProjects) = preSolution
		{29389CAA-FC44-4CF4-89C9-C07E60C963A5} = {A153CC7D-FD78-4D84-B09B-48FEDFA28BB9}
		{A071C89D-C73D-4A36-A7C7-FF1B80BFBBEA} = {29389CAA-FC44-4CF4-89C9-C07E60C963A5}
	EndGlobalSection
	GlobalSection(ExtensibilityGlobals) = postSolution
		SolutionGuid = {AEB376DF-9ADD-4DD6-8F48-6A75649A84DF}
	EndGlobalSection
EndGlobal
